// !$*UTF8*$!
{
	archiveVersion = 1;
	classes = {
	};
	objectVersion = 77;
	objects = {

/* Begin PBXBuildFile section */
		AB1DCD9D2D504620005E1A0E /* README.md in Resources */ = {isa = PBXBuildFile; fileRef = AB1DCD9C2D504620005E1A0E /* README.md */; };
		AB41AA322D3D780900099765 /* Preview Assets.xcassets in Resources */ = {isa = PBXBuildFile; fileRef = AB41AA2B2D3D780900099765 /* Preview Assets.xcassets */; };
		AB41AA332D3D780900099765 /* Assets.xcassets in Resources */ = {isa = PBXBuildFile; fileRef = AB41AA2D2D3D780900099765 /* Assets.xcassets */; };
		AB41AA342D3D780900099765 /* BriefApp.swift in Sources */ = {isa = PBXBuildFile; fileRef = AB41AA2F2D3D780900099765 /* BriefApp.swift */; };
		AB41AA352D3D780900099765 /* ContentView.swift in Sources */ = {isa = PBXBuildFile; fileRef = AB41AA302D3D780900099765 /* ContentView.swift */; };
		AB41AA482D3D792100099765 /* SharedArticleManager.swift in Sources */ = {isa = PBXBuildFile; fileRef = AB41AA442D3D792100099765 /* SharedArticleManager.swift */; };
		AB41AA4A2D3D799F00099765 /* WebView.swift in Sources */ = {isa = PBXBuildFile; fileRef = AB41AA492D3D799F00099765 /* WebView.swift */; };
		AB41AA512D3D9D4D00099765 /* BarlowCondensed-Regular.ttf in Resources */ = {isa = PBXBuildFile; fileRef = AB41AA4F2D3D9D4D00099765 /* BarlowCondensed-Regular.ttf */; };
		AB41AA532D3D9D5F00099765 /* MerriweatherSans-VariableFont_wght.ttf in Resources */ = {isa = PBXBuildFile; fileRef = AB41AA522D3D9D5F00099765 /* MerriweatherSans-VariableFont_wght.ttf */; };
		AB41AA592D3D9F0500099765 /* Extensions.swift in Sources */ = {isa = PBXBuildFile; fileRef = AB41AA582D3D9F0500099765 /* Extensions.swift */; };
		AB41AA5C2D3D9FC700099765 /* BarlowCondensed-SemiBold.ttf in Resources */ = {isa = PBXBuildFile; fileRef = AB41AA5A2D3D9FC700099765 /* BarlowCondensed-SemiBold.ttf */; };
		AB41AA622D3DA87700099765 /* OpeningView.swift in Sources */ = {isa = PBXBuildFile; fileRef = AB41AA612D3DA87700099765 /* OpeningView.swift */; };
		AB41AA662D3DAEA700099765 /* ArticleModel.swift in Sources */ = {isa = PBXBuildFile; fileRef = AB41AA652D3DAEA700099765 /* ArticleModel.swift */; };
		AB41AA682D3DB64E00099765 /* ToolBarButtonView.swift in Sources */ = {isa = PBXBuildFile; fileRef = AB41AA672D3DB64E00099765 /* ToolBarButtonView.swift */; };
		AB45DDEE2D4C2E38002298DE /* ArticleTitleView.swift in Sources */ = {isa = PBXBuildFile; fileRef = AB45DDED2D4C2E38002298DE /* ArticleTitleView.swift */; };
		AB53443F2D5CF42F007B27D8 /* Notes.swift in Sources */ = {isa = PBXBuildFile; fileRef = AB53443E2D5CF42A007B27D8 /* Notes.swift */; };
		AB5ADB342D5C152B00AF5B74 /* BriefShareExt.appex in Embed Foundation Extensions */ = {isa = PBXBuildFile; fileRef = AB5ADB2A2D5C152B00AF5B74 /* BriefShareExt.appex */; settings = {ATTRIBUTES = (RemoveHeadersOnCopy, ); }; };
		AB5ADB3D2D5C1D8E00AF5B74 /* Info.plist in Resources */ = {isa = PBXBuildFile; fileRef = AB5ADB3C2D5C1D8E00AF5B74 /* Info.plist */; };
		AB95522A2D4EA4AD00BE843F /* SummarizerService.swift in Sources */ = {isa = PBXBuildFile; fileRef = AB9552292D4EA4AD00BE843F /* SummarizerService.swift */; };
		ABA37CD62D4063640080096D /* ArticleViewModel.swift in Sources */ = {isa = PBXBuildFile; fileRef = ABA37CD52D4063640080096D /* ArticleViewModel.swift */; };
		ABA37CD82D4071D00080096D /* ArticleListView.swift in Sources */ = {isa = PBXBuildFile; fileRef = ABA37CD72D4071D00080096D /* ArticleListView.swift */; };
		ABAD3E392D445FEE00180A86 /* ArticleView.swift in Sources */ = {isa = PBXBuildFile; fileRef = ABAD3E382D445FEE00180A86 /* ArticleView.swift */; };
		ABC763E72D5EC3C20017DCAC /* DataProcessing.swift in Sources */ = {isa = PBXBuildFile; fileRef = ABC763E62D5EC3C20017DCAC /* DataProcessing.swift */; };
		ABC763E92D5EC69F0017DCAC /* train_sample.csv in Resources */ = {isa = PBXBuildFile; fileRef = ABC763E82D5EC69F0017DCAC /* train_sample.csv */; };
/* End PBXBuildFile section */

/* Begin PBXContainerItemProxy section */
		AB41A9EB2D3D762A00099765 /* PBXContainerItemProxy */ = {
			isa = PBXContainerItemProxy;
			containerPortal = AB41A9D22D3D762800099765 /* Project object */;
			proxyType = 1;
			remoteGlobalIDString = AB41A9D92D3D762900099765;
			remoteInfo = Brief;
		};
		AB41A9F52D3D762A00099765 /* PBXContainerItemProxy */ = {
			isa = PBXContainerItemProxy;
			containerPortal = AB41A9D22D3D762800099765 /* Project object */;
			proxyType = 1;
			remoteGlobalIDString = AB41A9D92D3D762900099765;
			remoteInfo = Brief;
		};
		AB5ADB322D5C152B00AF5B74 /* PBXContainerItemProxy */ = {
			isa = PBXContainerItemProxy;
			containerPortal = AB41A9D22D3D762800099765 /* Project object */;
			proxyType = 1;
			remoteGlobalIDString = AB5ADB292D5C152B00AF5B74;
			remoteInfo = BriefShareExt;
		};
/* End PBXContainerItemProxy section */

/* Begin PBXCopyFilesBuildPhase section */
		AB41AA1A2D3D765400099765 /* Embed Foundation Extensions */ = {
			isa = PBXCopyFilesBuildPhase;
			buildActionMask = 2147483647;
			dstPath = "";
			dstSubfolderSpec = 13;
			files = (
				AB5ADB342D5C152B00AF5B74 /* BriefShareExt.appex in Embed Foundation Extensions */,
			);
			name = "Embed Foundation Extensions";
			runOnlyForDeploymentPostprocessing = 0;
		};
/* End PBXCopyFilesBuildPhase section */

/* Begin PBXFileReference section */
		AB1DCD9C2D504620005E1A0E /* README.md */ = {isa = PBXFileReference; lastKnownFileType = net.daringfireball.markdown; path = README.md; sourceTree = "<group>"; };
		AB41A9DA2D3D762900099765 /* Brief.app */ = {isa = PBXFileReference; explicitFileType = wrapper.application; includeInIndex = 0; path = Brief.app; sourceTree = BUILT_PRODUCTS_DIR; };
		AB41A9EA2D3D762A00099765 /* BriefTests.xctest */ = {isa = PBXFileReference; explicitFileType = wrapper.cfbundle; includeInIndex = 0; path = BriefTests.xctest; sourceTree = BUILT_PRODUCTS_DIR; };
		AB41A9F42D3D762A00099765 /* BriefUITests.xctest */ = {isa = PBXFileReference; explicitFileType = wrapper.cfbundle; includeInIndex = 0; path = BriefUITests.xctest; sourceTree = BUILT_PRODUCTS_DIR; };
		AB41AA2B2D3D780900099765 /* Preview Assets.xcassets */ = {isa = PBXFileReference; lastKnownFileType = folder.assetcatalog; path = "Preview Assets.xcassets"; sourceTree = "<group>"; };
		AB41AA2D2D3D780900099765 /* Assets.xcassets */ = {isa = PBXFileReference; lastKnownFileType = folder.assetcatalog; path = Assets.xcassets; sourceTree = "<group>"; };
		AB41AA2E2D3D780900099765 /* Brief.entitlements */ = {isa = PBXFileReference; lastKnownFileType = text.plist.entitlements; path = Brief.entitlements; sourceTree = "<group>"; };
		AB41AA2F2D3D780900099765 /* BriefApp.swift */ = {isa = PBXFileReference; lastKnownFileType = sourcecode.swift; path = BriefApp.swift; sourceTree = "<group>"; };
		AB41AA302D3D780900099765 /* ContentView.swift */ = {isa = PBXFileReference; lastKnownFileType = sourcecode.swift; path = ContentView.swift; sourceTree = "<group>"; };
		AB41AA442D3D792100099765 /* SharedArticleManager.swift */ = {isa = PBXFileReference; lastKnownFileType = sourcecode.swift; path = SharedArticleManager.swift; sourceTree = "<group>"; };
		AB41AA492D3D799F00099765 /* WebView.swift */ = {isa = PBXFileReference; lastKnownFileType = sourcecode.swift; path = WebView.swift; sourceTree = "<group>"; };
		AB41AA4F2D3D9D4D00099765 /* BarlowCondensed-Regular.ttf */ = {isa = PBXFileReference; lastKnownFileType = file; path = "BarlowCondensed-Regular.ttf"; sourceTree = "<group>"; };
		AB41AA522D3D9D5F00099765 /* MerriweatherSans-VariableFont_wght.ttf */ = {isa = PBXFileReference; lastKnownFileType = file; path = "MerriweatherSans-VariableFont_wght.ttf"; sourceTree = "<group>"; };
		AB41AA582D3D9F0500099765 /* Extensions.swift */ = {isa = PBXFileReference; lastKnownFileType = sourcecode.swift; path = Extensions.swift; sourceTree = "<group>"; };
		AB41AA5A2D3D9FC700099765 /* BarlowCondensed-SemiBold.ttf */ = {isa = PBXFileReference; lastKnownFileType = file; path = "BarlowCondensed-SemiBold.ttf"; sourceTree = "<group>"; };
		AB41AA612D3DA87700099765 /* OpeningView.swift */ = {isa = PBXFileReference; lastKnownFileType = sourcecode.swift; path = OpeningView.swift; sourceTree = "<group>"; };
		AB41AA652D3DAEA700099765 /* ArticleModel.swift */ = {isa = PBXFileReference; lastKnownFileType = sourcecode.swift; path = ArticleModel.swift; sourceTree = "<group>"; };
		AB41AA672D3DB64E00099765 /* ToolBarButtonView.swift */ = {isa = PBXFileReference; lastKnownFileType = sourcecode.swift; path = ToolBarButtonView.swift; sourceTree = "<group>"; };
		AB45DDED2D4C2E38002298DE /* ArticleTitleView.swift */ = {isa = PBXFileReference; lastKnownFileType = sourcecode.swift; path = ArticleTitleView.swift; sourceTree = "<group>"; };
		AB53443E2D5CF42A007B27D8 /* Notes.swift */ = {isa = PBXFileReference; lastKnownFileType = sourcecode.swift; path = Notes.swift; sourceTree = "<group>"; };
		AB5ADB2A2D5C152B00AF5B74 /* BriefShareExt.appex */ = {isa = PBXFileReference; explicitFileType = "wrapper.app-extension"; includeInIndex = 0; path = BriefShareExt.appex; sourceTree = BUILT_PRODUCTS_DIR; };
		AB5ADB3C2D5C1D8E00AF5B74 /* Info.plist */ = {isa = PBXFileReference; lastKnownFileType = text.plist.xml; path = Info.plist; sourceTree = "<group>"; };
		AB9552292D4EA4AD00BE843F /* SummarizerService.swift */ = {isa = PBXFileReference; lastKnownFileType = sourcecode.swift; path = SummarizerService.swift; sourceTree = "<group>"; };
		ABA37CD52D4063640080096D /* ArticleViewModel.swift */ = {isa = PBXFileReference; lastKnownFileType = sourcecode.swift; path = ArticleViewModel.swift; sourceTree = "<group>"; };
		ABA37CD72D4071D00080096D /* ArticleListView.swift */ = {isa = PBXFileReference; lastKnownFileType = sourcecode.swift; path = ArticleListView.swift; sourceTree = "<group>"; };
		ABAD3E382D445FEE00180A86 /* ArticleView.swift */ = {isa = PBXFileReference; lastKnownFileType = sourcecode.swift; path = ArticleView.swift; sourceTree = "<group>"; };
		ABC763E62D5EC3C20017DCAC /* DataProcessing.swift */ = {isa = PBXFileReference; lastKnownFileType = sourcecode.swift; path = DataProcessing.swift; sourceTree = "<group>"; };
		ABC763E82D5EC69F0017DCAC /* train_sample.csv */ = {isa = PBXFileReference; lastKnownFileType = text; path = train_sample.csv; sourceTree = "<group>"; };
/* End PBXFileReference section */

/* Begin PBXFileSystemSynchronizedBuildFileExceptionSet section */
		AB53443D2D5CEC2E007B27D8 /* Exceptions for "BriefShareExt" folder in "BriefShareExt" target */ = {
			isa = PBXFileSystemSynchronizedBuildFileExceptionSet;
			membershipExceptions = (
				"/Localized: MainInterface.storyboard",
				Info.plist,
			);
			target = AB5ADB292D5C152B00AF5B74 /* BriefShareExt */;
		};
/* End PBXFileSystemSynchronizedBuildFileExceptionSet section */

/* Begin PBXFileSystemSynchronizedRootGroup section */
		AB41A9ED2D3D762A00099765 /* BriefTests */ = {
			isa = PBXFileSystemSynchronizedRootGroup;
			path = BriefTests;
			sourceTree = "<group>";
		};
		AB41A9F72D3D762A00099765 /* BriefUITests */ = {
			isa = PBXFileSystemSynchronizedRootGroup;
			path = BriefUITests;
			sourceTree = "<group>";
		};
		AB41AA0C2D3D765300099765 /* BriefShareExt */ = {
			isa = PBXFileSystemSynchronizedRootGroup;
			exceptions = (
				AB53443D2D5CEC2E007B27D8 /* Exceptions for "BriefShareExt" folder in "BriefShareExt" target */,
			);
			path = BriefShareExt;
			sourceTree = "<group>";
		};
/* End PBXFileSystemSynchronizedRootGroup section */

/* Begin PBXFrameworksBuildPhase section */
		AB41A9D72D3D762900099765 /* Frameworks */ = {
			isa = PBXFrameworksBuildPhase;
			buildActionMask = 2147483647;
			files = (
			);
			runOnlyForDeploymentPostprocessing = 0;
		};
		AB41A9E72D3D762A00099765 /* Frameworks */ = {
			isa = PBXFrameworksBuildPhase;
			buildActionMask = 2147483647;
			files = (
			);
			runOnlyForDeploymentPostprocessing = 0;
		};
		AB41A9F12D3D762A00099765 /* Frameworks */ = {
			isa = PBXFrameworksBuildPhase;
			buildActionMask = 2147483647;
			files = (
			);
			runOnlyForDeploymentPostprocessing = 0;
		};
		AB5ADB272D5C152B00AF5B74 /* Frameworks */ = {
			isa = PBXFrameworksBuildPhase;
			buildActionMask = 2147483647;
			files = (
			);
			runOnlyForDeploymentPostprocessing = 0;
		};
/* End PBXFrameworksBuildPhase section */

/* Begin PBXGroup section */
		AB41A9D12D3D762800099765 = {
			isa = PBXGroup;
			children = (
				AB41AA312D3D780900099765 /* Brief */,
				AB41A9ED2D3D762A00099765 /* BriefTests */,
				AB41A9F72D3D762A00099765 /* BriefUITests */,
				AB41AA0C2D3D765300099765 /* BriefShareExt */,
				AB41A9DB2D3D762900099765 /* Products */,
			);
			sourceTree = "<group>";
		};
		AB41A9DB2D3D762900099765 /* Products */ = {
			isa = PBXGroup;
			children = (
				AB41A9DA2D3D762900099765 /* Brief.app */,
				AB41A9EA2D3D762A00099765 /* BriefTests.xctest */,
				AB41A9F42D3D762A00099765 /* BriefUITests.xctest */,
				AB5ADB2A2D5C152B00AF5B74 /* BriefShareExt.appex */,
			);
			name = Products;
			sourceTree = "<group>";
		};
		AB41AA2C2D3D780900099765 /* Preview Content */ = {
			isa = PBXGroup;
			children = (
				AB41AA2B2D3D780900099765 /* Preview Assets.xcassets */,
			);
			path = "Preview Content";
			sourceTree = "<group>";
		};
		AB41AA312D3D780900099765 /* Brief */ = {
			isa = PBXGroup;
			children = (
				AB53443E2D5CF42A007B27D8 /* Notes.swift */,
				AB5ADB3C2D5C1D8E00AF5B74 /* Info.plist */,
				AB1DCD9C2D504620005E1A0E /* README.md */,
				AB41AA2F2D3D780900099765 /* BriefApp.swift */,
				AB41AA302D3D780900099765 /* ContentView.swift */,
				AB41AA632D3DAE5A00099765 /* Model */,
				AB41AA4B2D3D79D100099765 /* View */,
				AB41AA462D3D792100099765 /* ViewModel */,
				AB41AA562D3D9ED100099765 /* Extensions */,
				AB41AA4E2D3D9D2C00099765 /* HelperFiles */,
				AB41AA2C2D3D780900099765 /* Preview Content */,
				AB41AA2D2D3D780900099765 /* Assets.xcassets */,
				AB41AA2E2D3D780900099765 /* Brief.entitlements */,
			);
			path = Brief;
			sourceTree = "<group>";
		};
		AB41AA462D3D792100099765 /* ViewModel */ = {
			isa = PBXGroup;
			children = (
				ABA37CD52D4063640080096D /* ArticleViewModel.swift */,
				AB41AA442D3D792100099765 /* SharedArticleManager.swift */,
			);
			path = ViewModel;
			sourceTree = "<group>";
		};
		AB41AA4B2D3D79D100099765 /* View */ = {
			isa = PBXGroup;
			children = (
				AB41AA612D3DA87700099765 /* OpeningView.swift */,
				ABAD3E382D445FEE00180A86 /* ArticleView.swift */,
				AB41AA492D3D799F00099765 /* WebView.swift */,
				ABA37CD72D4071D00080096D /* ArticleListView.swift */,
				AB41AA672D3DB64E00099765 /* ToolBarButtonView.swift */,
				ABB21BC22D458FEA00A0FD86 /* GlobalViews */,
			);
			path = View;
			sourceTree = "<group>";
		};
		AB41AA4E2D3D9D2C00099765 /* HelperFiles */ = {
			isa = PBXGroup;
			children = (
				AB8115032D4EA541003ED46E /* Services */,
				AB41AA572D3D9EDB00099765 /* Fonts */,
			);
			path = HelperFiles;
			sourceTree = "<group>";
		};
		AB41AA562D3D9ED100099765 /* Extensions */ = {
			isa = PBXGroup;
			children = (
				AB41AA582D3D9F0500099765 /* Extensions.swift */,
			);
			path = Extensions;
			sourceTree = "<group>";
		};
		AB41AA572D3D9EDB00099765 /* Fonts */ = {
			isa = PBXGroup;
			children = (
				AB41AA522D3D9D5F00099765 /* MerriweatherSans-VariableFont_wght.ttf */,
				AB41AA4F2D3D9D4D00099765 /* BarlowCondensed-Regular.ttf */,
				AB41AA5A2D3D9FC700099765 /* BarlowCondensed-SemiBold.ttf */,
			);
			path = Fonts;
			sourceTree = "<group>";
		};
		AB41AA632D3DAE5A00099765 /* Model */ = {
			isa = PBXGroup;
			children = (
				AB41AA652D3DAEA700099765 /* ArticleModel.swift */,
			);
			path = Model;
			sourceTree = "<group>";
		};
		AB8115032D4EA541003ED46E /* Services */ = {
			isa = PBXGroup;
			children = (
				ABC763E52D5EC3970017DCAC /* DataProcessing */,
				AB9552292D4EA4AD00BE843F /* SummarizerService.swift */,
			);
			path = Services;
			sourceTree = "<group>";
		};
		ABB21BC22D458FEA00A0FD86 /* GlobalViews */ = {
			isa = PBXGroup;
			children = (
				AB45DDED2D4C2E38002298DE /* ArticleTitleView.swift */,
			);
			path = GlobalViews;
			sourceTree = "<group>";
		};
		ABC763E52D5EC3970017DCAC /* DataProcessing */ = {
			isa = PBXGroup;
			children = (
				ABC763E82D5EC69F0017DCAC /* train_sample.csv */,
				ABC763E62D5EC3C20017DCAC /* DataProcessing.swift */,
			);
			path = DataProcessing;
			sourceTree = "<group>";
		};
/* End PBXGroup section */

/* Begin PBXNativeTarget section */
		AB41A9D92D3D762900099765 /* Brief */ = {
			isa = PBXNativeTarget;
			buildConfigurationList = AB41A9FE2D3D762A00099765 /* Build configuration list for PBXNativeTarget "Brief" */;
			buildPhases = (
				AB41A9D62D3D762900099765 /* Sources */,
				AB41A9D72D3D762900099765 /* Frameworks */,
				AB41A9D82D3D762900099765 /* Resources */,
				AB41AA1A2D3D765400099765 /* Embed Foundation Extensions */,
			);
			buildRules = (
			);
			dependencies = (
				AB5ADB332D5C152B00AF5B74 /* PBXTargetDependency */,
			);
			name = Brief;
			packageProductDependencies = (
			);
			productName = Brief;
			productReference = AB41A9DA2D3D762900099765 /* Brief.app */;
			productType = "com.apple.product-type.application";
		};
		AB41A9E92D3D762A00099765 /* BriefTests */ = {
			isa = PBXNativeTarget;
			buildConfigurationList = AB41AA012D3D762A00099765 /* Build configuration list for PBXNativeTarget "BriefTests" */;
			buildPhases = (
				AB41A9E62D3D762A00099765 /* Sources */,
				AB41A9E72D3D762A00099765 /* Frameworks */,
				AB41A9E82D3D762A00099765 /* Resources */,
			);
			buildRules = (
			);
			dependencies = (
				AB41A9EC2D3D762A00099765 /* PBXTargetDependency */,
			);
			fileSystemSynchronizedGroups = (
				AB41A9ED2D3D762A00099765 /* BriefTests */,
			);
			name = BriefTests;
			packageProductDependencies = (
			);
			productName = BriefTests;
			productReference = AB41A9EA2D3D762A00099765 /* BriefTests.xctest */;
			productType = "com.apple.product-type.bundle.unit-test";
		};
		AB41A9F32D3D762A00099765 /* BriefUITests */ = {
			isa = PBXNativeTarget;
			buildConfigurationList = AB41AA042D3D762A00099765 /* Build configuration list for PBXNativeTarget "BriefUITests" */;
			buildPhases = (
				AB41A9F02D3D762A00099765 /* Sources */,
				AB41A9F12D3D762A00099765 /* Frameworks */,
				AB41A9F22D3D762A00099765 /* Resources */,
			);
			buildRules = (
			);
			dependencies = (
				AB41A9F62D3D762A00099765 /* PBXTargetDependency */,
			);
			fileSystemSynchronizedGroups = (
				AB41A9F72D3D762A00099765 /* BriefUITests */,
			);
			name = BriefUITests;
			packageProductDependencies = (
			);
			productName = BriefUITests;
			productReference = AB41A9F42D3D762A00099765 /* BriefUITests.xctest */;
			productType = "com.apple.product-type.bundle.ui-testing";
		};
		AB5ADB292D5C152B00AF5B74 /* BriefShareExt */ = {
			isa = PBXNativeTarget;
			buildConfigurationList = AB5ADB362D5C152B00AF5B74 /* Build configuration list for PBXNativeTarget "BriefShareExt" */;
			buildPhases = (
				AB5ADB262D5C152B00AF5B74 /* Sources */,
				AB5ADB272D5C152B00AF5B74 /* Frameworks */,
				AB5ADB282D5C152B00AF5B74 /* Resources */,
			);
			buildRules = (
			);
			dependencies = (
			);
			fileSystemSynchronizedGroups = (
				AB41AA0C2D3D765300099765 /* BriefShareExt */,
			);
			name = BriefShareExt;
			packageProductDependencies = (
			);
			productName = BriefShareExt;
			productReference = AB5ADB2A2D5C152B00AF5B74 /* BriefShareExt.appex */;
			productType = "com.apple.product-type.app-extension";
		};
/* End PBXNativeTarget section */

/* Begin PBXProject section */
		AB41A9D22D3D762800099765 /* Project object */ = {
			isa = PBXProject;
			attributes = {
				BuildIndependentTargetsInParallel = 1;
				LastSwiftUpdateCheck = 1620;
				LastUpgradeCheck = 1620;
				TargetAttributes = {
					AB41A9D92D3D762900099765 = {
						CreatedOnToolsVersion = 16.2;
					};
					AB41A9E92D3D762A00099765 = {
						CreatedOnToolsVersion = 16.2;
						TestTargetID = AB41A9D92D3D762900099765;
					};
					AB41A9F32D3D762A00099765 = {
						CreatedOnToolsVersion = 16.2;
						TestTargetID = AB41A9D92D3D762900099765;
					};
					AB5ADB292D5C152B00AF5B74 = {
						CreatedOnToolsVersion = 16.2;
					};
				};
			};
			buildConfigurationList = AB41A9D52D3D762800099765 /* Build configuration list for PBXProject "Brief" */;
			developmentRegion = en;
			hasScannedForEncodings = 0;
			knownRegions = (
				en,
				Base,
			);
			mainGroup = AB41A9D12D3D762800099765;
			minimizedProjectReferenceProxies = 1;
			preferredProjectObjectVersion = 77;
			productRefGroup = AB41A9DB2D3D762900099765 /* Products */;
			projectDirPath = "";
			projectRoot = "";
			targets = (
				AB41A9D92D3D762900099765 /* Brief */,
				AB41A9E92D3D762A00099765 /* BriefTests */,
				AB41A9F32D3D762A00099765 /* BriefUITests */,
				AB5ADB292D5C152B00AF5B74 /* BriefShareExt */,
			);
		};
/* End PBXProject section */

/* Begin PBXResourcesBuildPhase section */
		AB41A9D82D3D762900099765 /* Resources */ = {
			isa = PBXResourcesBuildPhase;
			buildActionMask = 2147483647;
			files = (
				AB41AA512D3D9D4D00099765 /* BarlowCondensed-Regular.ttf in Resources */,
				AB41AA532D3D9D5F00099765 /* MerriweatherSans-VariableFont_wght.ttf in Resources */,
				AB1DCD9D2D504620005E1A0E /* README.md in Resources */,
				AB41AA322D3D780900099765 /* Preview Assets.xcassets in Resources */,
				ABC763E92D5EC69F0017DCAC /* train_sample.csv in Resources */,
				AB41AA332D3D780900099765 /* Assets.xcassets in Resources */,
				AB41AA5C2D3D9FC700099765 /* BarlowCondensed-SemiBold.ttf in Resources */,
			);
			runOnlyForDeploymentPostprocessing = 0;
		};
		AB41A9E82D3D762A00099765 /* Resources */ = {
			isa = PBXResourcesBuildPhase;
			buildActionMask = 2147483647;
			files = (
				AB5ADB3D2D5C1D8E00AF5B74 /* Info.plist in Resources */,
			);
			runOnlyForDeploymentPostprocessing = 0;
		};
		AB41A9F22D3D762A00099765 /* Resources */ = {
			isa = PBXResourcesBuildPhase;
			buildActionMask = 2147483647;
			files = (
			);
			runOnlyForDeploymentPostprocessing = 0;
		};
		AB5ADB282D5C152B00AF5B74 /* Resources */ = {
			isa = PBXResourcesBuildPhase;
			buildActionMask = 2147483647;
			files = (
			);
			runOnlyForDeploymentPostprocessing = 0;
		};
/* End PBXResourcesBuildPhase section */

/* Begin PBXSourcesBuildPhase section */
		AB41A9D62D3D762900099765 /* Sources */ = {
			isa = PBXSourcesBuildPhase;
			buildActionMask = 2147483647;
			files = (
				AB41AA592D3D9F0500099765 /* Extensions.swift in Sources */,
				AB53443F2D5CF42F007B27D8 /* Notes.swift in Sources */,
				AB95522A2D4EA4AD00BE843F /* SummarizerService.swift in Sources */,
				ABA37CD82D4071D00080096D /* ArticleListView.swift in Sources */,
				AB41AA4A2D3D799F00099765 /* WebView.swift in Sources */,
				AB41AA682D3DB64E00099765 /* ToolBarButtonView.swift in Sources */,
				AB41AA482D3D792100099765 /* SharedArticleManager.swift in Sources */,
				AB41AA342D3D780900099765 /* BriefApp.swift in Sources */,
				AB41AA352D3D780900099765 /* ContentView.swift in Sources */,
				ABA37CD62D4063640080096D /* ArticleViewModel.swift in Sources */,
				AB41AA662D3DAEA700099765 /* ArticleModel.swift in Sources */,
				AB41AA622D3DA87700099765 /* OpeningView.swift in Sources */,
				AB45DDEE2D4C2E38002298DE /* ArticleTitleView.swift in Sources */,
				ABC763E72D5EC3C20017DCAC /* DataProcessing.swift in Sources */,
				ABAD3E392D445FEE00180A86 /* ArticleView.swift in Sources */,
			);
			runOnlyForDeploymentPostprocessing = 0;
		};
		AB41A9E62D3D762A00099765 /* Sources */ = {
			isa = PBXSourcesBuildPhase;
			buildActionMask = 2147483647;
			files = (
			);
			runOnlyForDeploymentPostprocessing = 0;
		};
		AB41A9F02D3D762A00099765 /* Sources */ = {
			isa = PBXSourcesBuildPhase;
			buildActionMask = 2147483647;
			files = (
			);
			runOnlyForDeploymentPostprocessing = 0;
		};
		AB5ADB262D5C152B00AF5B74 /* Sources */ = {
			isa = PBXSourcesBuildPhase;
			buildActionMask = 2147483647;
			files = (
			);
			runOnlyForDeploymentPostprocessing = 0;
		};
/* End PBXSourcesBuildPhase section */

/* Begin PBXTargetDependency section */
		AB41A9EC2D3D762A00099765 /* PBXTargetDependency */ = {
			isa = PBXTargetDependency;
			target = AB41A9D92D3D762900099765 /* Brief */;
			targetProxy = AB41A9EB2D3D762A00099765 /* PBXContainerItemProxy */;
		};
		AB41A9F62D3D762A00099765 /* PBXTargetDependency */ = {
			isa = PBXTargetDependency;
			target = AB41A9D92D3D762900099765 /* Brief */;
			targetProxy = AB41A9F52D3D762A00099765 /* PBXContainerItemProxy */;
		};
		AB5ADB332D5C152B00AF5B74 /* PBXTargetDependency */ = {
			isa = PBXTargetDependency;
			target = AB5ADB292D5C152B00AF5B74 /* BriefShareExt */;
			targetProxy = AB5ADB322D5C152B00AF5B74 /* PBXContainerItemProxy */;
		};
/* End PBXTargetDependency section */

/* Begin XCBuildConfiguration section */
		AB41A9FC2D3D762A00099765 /* Debug */ = {
			isa = XCBuildConfiguration;
			buildSettings = {
				ALWAYS_SEARCH_USER_PATHS = NO;
				ASSETCATALOG_COMPILER_GENERATE_SWIFT_ASSET_SYMBOL_EXTENSIONS = YES;
				CLANG_ANALYZER_NONNULL = YES;
				CLANG_ANALYZER_NUMBER_OBJECT_CONVERSION = YES_AGGRESSIVE;
				CLANG_CXX_LANGUAGE_STANDARD = "gnu++20";
				CLANG_ENABLE_MODULES = YES;
				CLANG_ENABLE_OBJC_ARC = YES;
				CLANG_ENABLE_OBJC_WEAK = YES;
				CLANG_WARN_BLOCK_CAPTURE_AUTORELEASING = YES;
				CLANG_WARN_BOOL_CONVERSION = YES;
				CLANG_WARN_COMMA = YES;
				CLANG_WARN_CONSTANT_CONVERSION = YES;
				CLANG_WARN_DEPRECATED_OBJC_IMPLEMENTATIONS = YES;
				CLANG_WARN_DIRECT_OBJC_ISA_USAGE = YES_ERROR;
				CLANG_WARN_DOCUMENTATION_COMMENTS = YES;
				CLANG_WARN_EMPTY_BODY = YES;
				CLANG_WARN_ENUM_CONVERSION = YES;
				CLANG_WARN_INFINITE_RECURSION = YES;
				CLANG_WARN_INT_CONVERSION = YES;
				CLANG_WARN_NON_LITERAL_NULL_CONVERSION = YES;
				CLANG_WARN_OBJC_IMPLICIT_RETAIN_SELF = YES;
				CLANG_WARN_OBJC_LITERAL_CONVERSION = YES;
				CLANG_WARN_OBJC_ROOT_CLASS = YES_ERROR;
				CLANG_WARN_QUOTED_INCLUDE_IN_FRAMEWORK_HEADER = YES;
				CLANG_WARN_RANGE_LOOP_ANALYSIS = YES;
				CLANG_WARN_STRICT_PROTOTYPES = YES;
				CLANG_WARN_SUSPICIOUS_MOVE = YES;
				CLANG_WARN_UNGUARDED_AVAILABILITY = YES_AGGRESSIVE;
				CLANG_WARN_UNREACHABLE_CODE = YES;
				CLANG_WARN__DUPLICATE_METHOD_MATCH = YES;
				COPY_PHASE_STRIP = NO;
				DEBUG_INFORMATION_FORMAT = dwarf;
				ENABLE_STRICT_OBJC_MSGSEND = YES;
				ENABLE_TESTABILITY = YES;
				ENABLE_USER_SCRIPT_SANDBOXING = YES;
				GCC_C_LANGUAGE_STANDARD = gnu17;
				GCC_DYNAMIC_NO_PIC = NO;
				GCC_NO_COMMON_BLOCKS = YES;
				GCC_OPTIMIZATION_LEVEL = 0;
				GCC_PREPROCESSOR_DEFINITIONS = (
					"DEBUG=1",
					"$(inherited)",
				);
				GCC_WARN_64_TO_32_BIT_CONVERSION = YES;
				GCC_WARN_ABOUT_RETURN_TYPE = YES_ERROR;
				GCC_WARN_UNDECLARED_SELECTOR = YES;
				GCC_WARN_UNINITIALIZED_AUTOS = YES_AGGRESSIVE;
				GCC_WARN_UNUSED_FUNCTION = YES;
				GCC_WARN_UNUSED_VARIABLE = YES;
				INFOPLIST_FILE = Brief/Info.plist;
				IPHONEOS_DEPLOYMENT_TARGET = 18.2;
				LOCALIZATION_PREFERS_STRING_CATALOGS = YES;
				MTL_ENABLE_DEBUG_INFO = INCLUDE_SOURCE;
				MTL_FAST_MATH = YES;
				ONLY_ACTIVE_ARCH = YES;
				PRODUCT_BUNDLE_IDENTIFIER = com.rar.Brief;
				PRODUCT_NAME = Brief;
				SDKROOT = iphoneos;
				SWIFT_ACTIVE_COMPILATION_CONDITIONS = "DEBUG $(inherited)";
				SWIFT_OPTIMIZATION_LEVEL = "-Onone";
			};
			name = Debug;
		};
		AB41A9FD2D3D762A00099765 /* Release */ = {
			isa = XCBuildConfiguration;
			buildSettings = {
				ALWAYS_SEARCH_USER_PATHS = NO;
				ASSETCATALOG_COMPILER_GENERATE_SWIFT_ASSET_SYMBOL_EXTENSIONS = YES;
				CLANG_ANALYZER_NONNULL = YES;
				CLANG_ANALYZER_NUMBER_OBJECT_CONVERSION = YES_AGGRESSIVE;
				CLANG_CXX_LANGUAGE_STANDARD = "gnu++20";
				CLANG_ENABLE_MODULES = YES;
				CLANG_ENABLE_OBJC_ARC = YES;
				CLANG_ENABLE_OBJC_WEAK = YES;
				CLANG_WARN_BLOCK_CAPTURE_AUTORELEASING = YES;
				CLANG_WARN_BOOL_CONVERSION = YES;
				CLANG_WARN_COMMA = YES;
				CLANG_WARN_CONSTANT_CONVERSION = YES;
				CLANG_WARN_DEPRECATED_OBJC_IMPLEMENTATIONS = YES;
				CLANG_WARN_DIRECT_OBJC_ISA_USAGE = YES_ERROR;
				CLANG_WARN_DOCUMENTATION_COMMENTS = YES;
				CLANG_WARN_EMPTY_BODY = YES;
				CLANG_WARN_ENUM_CONVERSION = YES;
				CLANG_WARN_INFINITE_RECURSION = YES;
				CLANG_WARN_INT_CONVERSION = YES;
				CLANG_WARN_NON_LITERAL_NULL_CONVERSION = YES;
				CLANG_WARN_OBJC_IMPLICIT_RETAIN_SELF = YES;
				CLANG_WARN_OBJC_LITERAL_CONVERSION = YES;
				CLANG_WARN_OBJC_ROOT_CLASS = YES_ERROR;
				CLANG_WARN_QUOTED_INCLUDE_IN_FRAMEWORK_HEADER = YES;
				CLANG_WARN_RANGE_LOOP_ANALYSIS = YES;
				CLANG_WARN_STRICT_PROTOTYPES = YES;
				CLANG_WARN_SUSPICIOUS_MOVE = YES;
				CLANG_WARN_UNGUARDED_AVAILABILITY = YES_AGGRESSIVE;
				CLANG_WARN_UNREACHABLE_CODE = YES;
				CLANG_WARN__DUPLICATE_METHOD_MATCH = YES;
				COPY_PHASE_STRIP = NO;
				DEBUG_INFORMATION_FORMAT = "dwarf-with-dsym";
				ENABLE_NS_ASSERTIONS = NO;
				ENABLE_STRICT_OBJC_MSGSEND = YES;
				ENABLE_USER_SCRIPT_SANDBOXING = YES;
				GCC_C_LANGUAGE_STANDARD = gnu17;
				GCC_NO_COMMON_BLOCKS = YES;
				GCC_WARN_64_TO_32_BIT_CONVERSION = YES;
				GCC_WARN_ABOUT_RETURN_TYPE = YES_ERROR;
				GCC_WARN_UNDECLARED_SELECTOR = YES;
				GCC_WARN_UNINITIALIZED_AUTOS = YES_AGGRESSIVE;
				GCC_WARN_UNUSED_FUNCTION = YES;
				GCC_WARN_UNUSED_VARIABLE = YES;
				INFOPLIST_FILE = Brief/Info.plist;
				IPHONEOS_DEPLOYMENT_TARGET = 18.2;
				LOCALIZATION_PREFERS_STRING_CATALOGS = YES;
				MTL_ENABLE_DEBUG_INFO = NO;
				MTL_FAST_MATH = YES;
				PRODUCT_BUNDLE_IDENTIFIER = com.rar.Brief;
				PRODUCT_NAME = Brief;
				SDKROOT = iphoneos;
				SWIFT_COMPILATION_MODE = wholemodule;
				VALIDATE_PRODUCT = YES;
			};
			name = Release;
		};
		AB41A9FF2D3D762A00099765 /* Debug */ = {
			isa = XCBuildConfiguration;
			buildSettings = {
				ASSETCATALOG_COMPILER_APPICON_NAME = AppIcon;
				ASSETCATALOG_COMPILER_GLOBAL_ACCENT_COLOR_NAME = AccentColor;
				CLANG_USE_OPTIMIZATION_PROFILE = NO;
				CODE_SIGN_ENTITLEMENTS = Brief/Brief.entitlements;
				CODE_SIGN_STYLE = Automatic;
				CURRENT_PROJECT_VERSION = 1;
				DEVELOPMENT_ASSET_PATHS = "\"Brief/Preview Content\"";
				DEVELOPMENT_TEAM = 25MBFXXLA7;
				ENABLE_PREVIEWS = YES;
				GENERATE_INFOPLIST_FILE = NO;
				INFOPLIST_FILE = Brief/Info.plist;
				INFOPLIST_KEY_UIApplicationSceneManifest_Generation = YES;
				INFOPLIST_KEY_UIApplicationSupportsIndirectInputEvents = YES;
				INFOPLIST_KEY_UILaunchScreen_Generation = YES;
				INFOPLIST_KEY_UISupportedInterfaceOrientations_iPad = "UIInterfaceOrientationPortrait UIInterfaceOrientationPortraitUpsideDown UIInterfaceOrientationLandscapeLeft UIInterfaceOrientationLandscapeRight";
				INFOPLIST_KEY_UISupportedInterfaceOrientations_iPhone = "UIInterfaceOrientationPortrait UIInterfaceOrientationLandscapeLeft UIInterfaceOrientationLandscapeRight";
				IPHONEOS_DEPLOYMENT_TARGET = 18.2;
				LD_RUNPATH_SEARCH_PATHS = (
					"$(inherited)",
					"@executable_path/Frameworks",
				);
				MARKETING_VERSION = 1.0;
				PRODUCT_BUNDLE_IDENTIFIER = com.rar.Brief;
				PRODUCT_NAME = "$(TARGET_NAME)";
				SWIFT_EMIT_LOC_STRINGS = YES;
				SWIFT_VERSION = 5.0;
				TARGETED_DEVICE_FAMILY = "1,2";
			};
			name = Debug;
		};
		AB41AA002D3D762A00099765 /* Release */ = {
			isa = XCBuildConfiguration;
			buildSettings = {
				ASSETCATALOG_COMPILER_APPICON_NAME = AppIcon;
				ASSETCATALOG_COMPILER_GLOBAL_ACCENT_COLOR_NAME = AccentColor;
				CLANG_USE_OPTIMIZATION_PROFILE = NO;
				CODE_SIGN_ENTITLEMENTS = Brief/Brief.entitlements;
				CODE_SIGN_STYLE = Automatic;
				CURRENT_PROJECT_VERSION = 1;
				DEVELOPMENT_ASSET_PATHS = "\"Brief/Preview Content\"";
				DEVELOPMENT_TEAM = 25MBFXXLA7;
				ENABLE_PREVIEWS = YES;
				GENERATE_INFOPLIST_FILE = NO;
				INFOPLIST_FILE = Brief/Info.plist;
				INFOPLIST_KEY_UIApplicationSceneManifest_Generation = YES;
				INFOPLIST_KEY_UIApplicationSupportsIndirectInputEvents = YES;
				INFOPLIST_KEY_UILaunchScreen_Generation = YES;
				INFOPLIST_KEY_UISupportedInterfaceOrientations_iPad = "UIInterfaceOrientationPortrait UIInterfaceOrientationPortraitUpsideDown UIInterfaceOrientationLandscapeLeft UIInterfaceOrientationLandscapeRight";
				INFOPLIST_KEY_UISupportedInterfaceOrientations_iPhone = "UIInterfaceOrientationPortrait UIInterfaceOrientationLandscapeLeft UIInterfaceOrientationLandscapeRight";
				IPHONEOS_DEPLOYMENT_TARGET = 18.2;
				LD_RUNPATH_SEARCH_PATHS = (
					"$(inherited)",
					"@executable_path/Frameworks",
				);
				MARKETING_VERSION = 1.0;
				PRODUCT_BUNDLE_IDENTIFIER = com.rar.Brief;
				PRODUCT_NAME = "$(TARGET_NAME)";
				SWIFT_EMIT_LOC_STRINGS = YES;
				SWIFT_VERSION = 5.0;
				TARGETED_DEVICE_FAMILY = "1,2";
			};
			name = Release;
		};
		AB41AA022D3D762A00099765 /* Debug */ = {
			isa = XCBuildConfiguration;
			buildSettings = {
				BUNDLE_LOADER = "$(TEST_HOST)";
				CODE_SIGN_STYLE = Automatic;
				CURRENT_PROJECT_VERSION = 1;
				DEVELOPMENT_TEAM = 25MBFXXLA7;
				GENERATE_INFOPLIST_FILE = YES;
				IPHONEOS_DEPLOYMENT_TARGET = 18.2;
				MARKETING_VERSION = 1.0;
				PRODUCT_BUNDLE_IDENTIFIER = co.rar.BriefTests;
				PRODUCT_NAME = "$(TARGET_NAME)";
				SWIFT_EMIT_LOC_STRINGS = NO;
				SWIFT_VERSION = 5.0;
				TARGETED_DEVICE_FAMILY = "1,2";
				TEST_HOST = "$(BUILT_PRODUCTS_DIR)/Brief.app/$(BUNDLE_EXECUTABLE_FOLDER_PATH)/Brief";
			};
			name = Debug;
		};
		AB41AA032D3D762A00099765 /* Release */ = {
			isa = XCBuildConfiguration;
			buildSettings = {
				BUNDLE_LOADER = "$(TEST_HOST)";
				CODE_SIGN_STYLE = Automatic;
				CURRENT_PROJECT_VERSION = 1;
				DEVELOPMENT_TEAM = 25MBFXXLA7;
				GENERATE_INFOPLIST_FILE = YES;
				IPHONEOS_DEPLOYMENT_TARGET = 18.2;
				MARKETING_VERSION = 1.0;
				PRODUCT_BUNDLE_IDENTIFIER = co.rar.BriefTests;
				PRODUCT_NAME = "$(TARGET_NAME)";
				SWIFT_EMIT_LOC_STRINGS = NO;
				SWIFT_VERSION = 5.0;
				TARGETED_DEVICE_FAMILY = "1,2";
				TEST_HOST = "$(BUILT_PRODUCTS_DIR)/Brief.app/$(BUNDLE_EXECUTABLE_FOLDER_PATH)/Brief";
			};
			name = Release;
		};
		AB41AA052D3D762A00099765 /* Debug */ = {
			isa = XCBuildConfiguration;
			buildSettings = {
				CODE_SIGN_STYLE = Automatic;
				CURRENT_PROJECT_VERSION = 1;
				DEVELOPMENT_TEAM = 25MBFXXLA7;
				GENERATE_INFOPLIST_FILE = YES;
				MARKETING_VERSION = 1.0;
				PRODUCT_BUNDLE_IDENTIFIER = co.rar.BriefUITests;
				PRODUCT_NAME = "$(TARGET_NAME)";
				SWIFT_EMIT_LOC_STRINGS = NO;
				SWIFT_VERSION = 5.0;
				TARGETED_DEVICE_FAMILY = "1,2";
				TEST_TARGET_NAME = Brief;
			};
			name = Debug;
		};
		AB41AA062D3D762A00099765 /* Release */ = {
			isa = XCBuildConfiguration;
			buildSettings = {
				CODE_SIGN_STYLE = Automatic;
				CURRENT_PROJECT_VERSION = 1;
				DEVELOPMENT_TEAM = 25MBFXXLA7;
				GENERATE_INFOPLIST_FILE = YES;
				MARKETING_VERSION = 1.0;
				PRODUCT_BUNDLE_IDENTIFIER = co.rar.BriefUITests;
				PRODUCT_NAME = "$(TARGET_NAME)";
				SWIFT_EMIT_LOC_STRINGS = NO;
				SWIFT_VERSION = 5.0;
				TARGETED_DEVICE_FAMILY = "1,2";
				TEST_TARGET_NAME = Brief;
			};
			name = Release;
		};
		AB5ADB372D5C152B00AF5B74 /* Debug */ = {
			isa = XCBuildConfiguration;
			buildSettings = {
				CODE_SIGN_ENTITLEMENTS = BriefShareExt/BriefShareExt.entitlements;
				CODE_SIGN_STYLE = Automatic;
				CURRENT_PROJECT_VERSION = 1;
				DEVELOPMENT_TEAM = 25MBFXXLA7;
				GENERATE_INFOPLIST_FILE = YES;
				INFOPLIST_FILE = BriefShareExt/Info.plist;
				INFOPLIST_KEY_CFBundleDisplayName = BriefShareExt;
				INFOPLIST_KEY_LSApplicationCategoryType = "";
				INFOPLIST_KEY_NSHumanReadableCopyright = "";
				IPHONEOS_DEPLOYMENT_TARGET = 18.2;
				LD_RUNPATH_SEARCH_PATHS = (
					"$(inherited)",
					"@executable_path/Frameworks",
					"@executable_path/../../Frameworks",
				);
				MARKETING_VERSION = 1.0;
				PRODUCT_BUNDLE_IDENTIFIER = com.rar.Brief.BriefShareExt;
				PRODUCT_NAME = "$(TARGET_NAME)";
				SKIP_INSTALL = YES;
				SWIFT_EMIT_LOC_STRINGS = YES;
				SWIFT_VERSION = 5.0;
				TARGETED_DEVICE_FAMILY = "1,2";
			};
			name = Debug;
		};
		AB5ADB382D5C152B00AF5B74 /* Release */ = {
			isa = XCBuildConfiguration;
			buildSettings = {
				CODE_SIGN_ENTITLEMENTS = BriefShareExt/BriefShareExt.entitlements;
				CODE_SIGN_STYLE = Automatic;
				CURRENT_PROJECT_VERSION = 1;
				DEVELOPMENT_TEAM = 25MBFXXLA7;
				GENERATE_INFOPLIST_FILE = YES;
				INFOPLIST_FILE = BriefShareExt/Info.plist;
				INFOPLIST_KEY_CFBundleDisplayName = BriefShareExt;
				INFOPLIST_KEY_LSApplicationCategoryType = "";
				INFOPLIST_KEY_NSHumanReadableCopyright = "";
				IPHONEOS_DEPLOYMENT_TARGET = 18.2;
				LD_RUNPATH_SEARCH_PATHS = (
					"$(inherited)",
					"@executable_path/Frameworks",
					"@executable_path/../../Frameworks",
				);
				MARKETING_VERSION = 1.0;
				PRODUCT_BUNDLE_IDENTIFIER = com.rar.Brief.BriefShareExt;
				PRODUCT_NAME = "$(TARGET_NAME)";
				SKIP_INSTALL = YES;
				SWIFT_EMIT_LOC_STRINGS = YES;
				SWIFT_VERSION = 5.0;
				TARGETED_DEVICE_FAMILY = "1,2";
			};
			name = Release;
		};
/* End XCBuildConfiguration section */

/* Begin XCConfigurationList section */
		AB41A9D52D3D762800099765 /* Build configuration list for PBXProject "Brief" */ = {
			isa = XCConfigurationList;
			buildConfigurations = (
				AB41A9FC2D3D762A00099765 /* Debug */,
				AB41A9FD2D3D762A00099765 /* Release */,
			);
			defaultConfigurationIsVisible = 0;
			defaultConfigurationName = Release;
		};
		AB41A9FE2D3D762A00099765 /* Build configuration list for PBXNativeTarget "Brief" */ = {
			isa = XCConfigurationList;
			buildConfigurations = (
				AB41A9FF2D3D762A00099765 /* Debug */,
				AB41AA002D3D762A00099765 /* Release */,
			);
			defaultConfigurationIsVisible = 0;
			defaultConfigurationName = Release;
		};
		AB41AA012D3D762A00099765 /* Build configuration list for PBXNativeTarget "BriefTests" */ = {
			isa = XCConfigurationList;
			buildConfigurations = (
				AB41AA022D3D762A00099765 /* Debug */,
				AB41AA032D3D762A00099765 /* Release */,
			);
			defaultConfigurationIsVisible = 0;
			defaultConfigurationName = Release;
		};
		AB41AA042D3D762A00099765 /* Build configuration list for PBXNativeTarget "BriefUITests" */ = {
			isa = XCConfigurationList;
			buildConfigurations = (
				AB41AA052D3D762A00099765 /* Debug */,
				AB41AA062D3D762A00099765 /* Release */,
			);
			defaultConfigurationIsVisible = 0;
			defaultConfigurationName = Release;
		};
		AB5ADB362D5C152B00AF5B74 /* Build configuration list for PBXNativeTarget "BriefShareExt" */ = {
			isa = XCConfigurationList;
			buildConfigurations = (
				AB5ADB372D5C152B00AF5B74 /* Debug */,
				AB5ADB382D5C152B00AF5B74 /* Release */,
			);
			defaultConfigurationIsVisible = 0;
			defaultConfigurationName = Release;
		};
/* End XCConfigurationList section */
	};
	rootObject = AB41A9D22D3D762800099765 /* Project object */;
}
